// !$*UTF8*$!
{
	archiveVersion = 1;
	classes = {
	};
	objectVersion = 46;
	objects = {

/* Begin PBXBuildFile section */
		F416E60F1C810E8F0026C02C /* PKGLocatorConverterStandard.m in Sources */ = {isa = PBXBuildFile; fileRef = F416E60E1C810E8F0026C02C /* PKGLocatorConverterStandard.m */; };
		F44DB25410DD69DD0059C061 /* PKGLocator_Standard+Constants.m in Sources */ = {isa = PBXBuildFile; fileRef = F44DB25210DD69DD0059C061 /* PKGLocator_Standard+Constants.m */; };
		F4F449D01CC2CF55000D053A /* Foundation.framework in Frameworks */ = {isa = PBXBuildFile; fileRef = F4F449CF1CC2CF55000D053A /* Foundation.framework */; };
/* End PBXBuildFile section */

/* Begin PBXFileReference section */
		8D5B49B6048680CD000E48DA /* converter.bundle */ = {isa = PBXFileReference; explicitFileType = wrapper.cfbundle; includeInIndex = 0; path = converter.bundle; sourceTree = BUILT_PRODUCTS_DIR; };
		F416E60A1C810E7E0026C02C /* Info.plist */ = {isa = PBXFileReference; fileEncoding = 4; lastKnownFileType = text.plist.xml; name = Info.plist; path = PKGLocatorConverterStandard/Info.plist; sourceTree = "<group>"; };
		F416E60D1C810E8F0026C02C /* PKGLocatorConverterStandard.h */ = {isa = PBXFileReference; fileEncoding = 4; lastKnownFileType = sourcecode.c.h; name = PKGLocatorConverterStandard.h; path = PKGLocatorConverterStandard/PKGLocatorConverterStandard.h; sourceTree = "<group>"; };
		F416E60E1C810E8F0026C02C /* PKGLocatorConverterStandard.m */ = {isa = PBXFileReference; fileEncoding = 4; lastKnownFileType = sourcecode.c.objc; name = PKGLocatorConverterStandard.m; path = PKGLocatorConverterStandard/PKGLocatorConverterStandard.m; sourceTree = "<group>"; };
		F4462F7B1D611F38002BCE08 /* PKGPackages.h */ = {isa = PBXFileReference; lastKnownFileType = sourcecode.c.h; name = PKGPackages.h; path = ../../../../model/PKGPackages.h; sourceTree = "<group>"; };
		F4462F7D1D611F45002BCE08 /* PKGConverter.h */ = {isa = PBXFileReference; lastKnownFileType = sourcecode.c.h; name = PKGConverter.h; path = ../../../PKGConverter.h; sourceTree = "<group>"; };
		F44DB25210DD69DD0059C061 /* PKGLocator_Standard+Constants.m */ = {isa = PBXFileReference; fileEncoding = 30; lastKnownFileType = sourcecode.c.objc; name = "PKGLocator_Standard+Constants.m"; path = "../PKGLocator_Standard+Constants.m"; sourceTree = SOURCE_ROOT; };
		F44DB25310DD69DD0059C061 /* PKGLocator_Standard+Constants.h */ = {isa = PBXFileReference; fileEncoding = 30; lastKnownFileType = sourcecode.c.h; name = "PKGLocator_Standard+Constants.h"; path = "../PKGLocator_Standard+Constants.h"; sourceTree = SOURCE_ROOT; };
		F457D227276A88BE0080ECB5 /* PKGStringReplacer.h */ = {isa = PBXFileReference; lastKnownFileType = sourcecode.c.h; name = PKGStringReplacer.h; path = ../../../../shared/PKGStringReplacer.h; sourceTree = "<group>"; };
		F4AA485C1CC22EA4006CC13E /* PKGLocatorConverter.h */ = {isa = PBXFileReference; lastKnownFileType = sourcecode.c.h; name = PKGLocatorConverter.h; path = ../../PKGLocatorConverter.h; sourceTree = "<group>"; };
		F4F1820E1CC196F80050C5CC /* SharedConfigurationSettings.xcconfig */ = {isa = PBXFileReference; lastKnownFileType = text.xcconfig; name = SharedConfigurationSettings.xcconfig; path = ../../../../Configs/SharedConfigurationSettings.xcconfig; sourceTree = "<group>"; };
		F4F449CF1CC2CF55000D053A /* Foundation.framework */ = {isa = PBXFileReference; lastKnownFileType = wrapper.framework; name = Foundation.framework; path = System/Library/Frameworks/Foundation.framework; sourceTree = SDKROOT; };
/* End PBXFileReference section */

/* Begin PBXFrameworksBuildPhase section */
		8D5B49B3048680CD000E48DA /* Frameworks */ = {
			isa = PBXFrameworksBuildPhase;
			buildActionMask = 2147483647;
			files = (
				F4F449D01CC2CF55000D053A /* Foundation.framework in Frameworks */,
			);
			runOnlyForDeploymentPostprocessing = 0;
		};
/* End PBXFrameworksBuildPhase section */

/* Begin PBXGroup section */
		089C166AFE841209C02AAC07 /* ICRequirementCPU */ = {
			isa = PBXGroup;
			children = (
				F4F1820E1CC196F80050C5CC /* SharedConfigurationSettings.xcconfig */,
				F46CB3D60E8AF7F300F0B8E2 /* Common Source */,
				F409B0C70E8C4BCD005D9E86 /* Shared Source */,
				08FB77AFFE84173DC02AAC07 /* Classes */,
				089C167CFE841241C02AAC07 /* Resources */,
				089C1671FE841209C02AAC07 /* Frameworks and Libraries */,
				19C28FB8FE9D52D311CA2CBB /* Products */,
			);
			name = ICRequirementCPU;
			sourceTree = "<group>";
		};
		089C1671FE841209C02AAC07 /* Frameworks and Libraries */ = {
			isa = PBXGroup;
			children = (
				1058C7ACFEA557BF11CA2CBB /* Linked Frameworks */,
			);
			name = "Frameworks and Libraries";
			sourceTree = "<group>";
		};
		089C167CFE841241C02AAC07 /* Resources */ = {
			isa = PBXGroup;
			children = (
				F416E60A1C810E7E0026C02C /* Info.plist */,
			);
			name = Resources;
			sourceTree = "<group>";
		};
		08FB77AFFE84173DC02AAC07 /* Classes */ = {
			isa = PBXGroup;
			children = (
				F416E60D1C810E8F0026C02C /* PKGLocatorConverterStandard.h */,
				F416E60E1C810E8F0026C02C /* PKGLocatorConverterStandard.m */,
			);
			name = Classes;
			sourceTree = "<group>";
		};
		1058C7ACFEA557BF11CA2CBB /* Linked Frameworks */ = {
			isa = PBXGroup;
			children = (
				F4F449CF1CC2CF55000D053A /* Foundation.framework */,
			);
			name = "Linked Frameworks";
			sourceTree = "<group>";
		};
		19C28FB8FE9D52D311CA2CBB /* Products */ = {
			isa = PBXGroup;
			children = (
				8D5B49B6048680CD000E48DA /* converter.bundle */,
			);
			name = Products;
			sourceTree = "<group>";
		};
		F409B0C70E8C4BCD005D9E86 /* Shared Source */ = {
			isa = PBXGroup;
			children = (
				F44DB25310DD69DD0059C061 /* PKGLocator_Standard+Constants.h */,
				F44DB25210DD69DD0059C061 /* PKGLocator_Standard+Constants.m */,
			);
			name = "Shared Source";
			sourceTree = "<group>";
		};
		F4462F7C1D611F3B002BCE08 /* Model */ = {
			isa = PBXGroup;
			children = (
				F4462F7B1D611F38002BCE08 /* PKGPackages.h */,
			);
			name = Model;
			sourceTree = "<group>";
		};
		F46CB3D60E8AF7F300F0B8E2 /* Common Source */ = {
			isa = PBXGroup;
			children = (
				F4462F7C1D611F3B002BCE08 /* Model */,
				F4462F7D1D611F45002BCE08 /* PKGConverter.h */,
				F4AA485C1CC22EA4006CC13E /* PKGLocatorConverter.h */,
				F457D227276A88BE0080ECB5 /* PKGStringReplacer.h */,
			);
			name = "Common Source";
			sourceTree = "<group>";
		};
/* End PBXGroup section */

/* Begin PBXNativeTarget section */
		8D5B49AC048680CD000E48DA /* ICLocatorStandard */ = {
			isa = PBXNativeTarget;
			buildConfigurationList = 1DEB913A08733D840010E9CD /* Build configuration list for PBXNativeTarget "ICLocatorStandard" */;
			buildPhases = (
				8D5B49AF048680CD000E48DA /* Resources */,
				8D5B49B1048680CD000E48DA /* Sources */,
				8D5B49B3048680CD000E48DA /* Frameworks */,
			);
			buildRules = (
			);
			dependencies = (
			);
			name = ICLocatorStandard;
			productInstallPath = "$(HOME)/Library/Bundles";
			productName = ICRequirementCPU;
			productReference = 8D5B49B6048680CD000E48DA /* converter.bundle */;
			productType = "com.apple.product-type.bundle";
		};
/* End PBXNativeTarget section */

/* Begin PBXProject section */
		089C1669FE841209C02AAC07 /* Project object */ = {
			isa = PBXProject;
			attributes = {
				LastUpgradeCheck = 0630;
			};
			buildConfigurationList = 1DEB913E08733D840010E9CD /* Build configuration list for PBXProject "PKGLocatorConverterStandard" */;
			compatibilityVersion = "Xcode 3.2";
			developmentRegion = English;
			hasScannedForEncodings = 1;
			knownRegions = (
				en,
			);
			mainGroup = 089C166AFE841209C02AAC07 /* ICRequirementCPU */;
			projectDirPath = "";
			projectRoot = "";
			targets = (
				8D5B49AC048680CD000E48DA /* ICLocatorStandard */,
			);
		};
/* End PBXProject section */

/* Begin PBXResourcesBuildPhase section */
		8D5B49AF048680CD000E48DA /* Resources */ = {
			isa = PBXResourcesBuildPhase;
			buildActionMask = 2147483647;
			files = (
			);
			runOnlyForDeploymentPostprocessing = 0;
		};
/* End PBXResourcesBuildPhase section */

/* Begin PBXSourcesBuildPhase section */
		8D5B49B1048680CD000E48DA /* Sources */ = {
			isa = PBXSourcesBuildPhase;
			buildActionMask = 2147483647;
			files = (
				F44DB25410DD69DD0059C061 /* PKGLocator_Standard+Constants.m in Sources */,
				F416E60F1C810E8F0026C02C /* PKGLocatorConverterStandard.m in Sources */,
			);
			runOnlyForDeploymentPostprocessing = 0;
		};
/* End PBXSourcesBuildPhase section */

/* Begin XCBuildConfiguration section */
		1DEB913B08733D840010E9CD /* Debug */ = {
			isa = XCBuildConfiguration;
			buildSettings = {
				GCC_DYNAMIC_NO_PIC = NO;
				GCC_ENABLE_FIX_AND_CONTINUE = YES;
				GCC_OPTIMIZATION_LEVEL = 0;
				INFOPLIST_FILE = PKGLocatorConverterStandard/Info.plist;
				PRODUCT_NAME = converter;
				WRAPPER_EXTENSION = bundle;
			};
			name = Debug;
		};
		1DEB913C08733D840010E9CD /* Release */ = {
			isa = XCBuildConfiguration;
			buildSettings = {
				GCC_GENERATE_DEBUGGING_SYMBOLS = NO;
				INFOPLIST_FILE = PKGLocatorConverterStandard/Info.plist;
				PRODUCT_NAME = converter;
				WRAPPER_EXTENSION = bundle;
			};
			name = Release;
		};
		1DEB913F08733D840010E9CD /* Debug */ = {
			isa = XCBuildConfiguration;
			baseConfigurationReference = F4F1820E1CC196F80050C5CC /* SharedConfigurationSettings.xcconfig */;
			buildSettings = {
				CLANG_ENABLE_OBJC_ARC = YES;
				GCC_WARN_ABOUT_RETURN_TYPE = YES;
				GCC_WARN_UNUSED_VARIABLE = YES;
				OTHER_LDFLAGS = (
					"-undefined",
					dynamic_lookup,
				);
			};
			name = Debug;
		};
		1DEB914008733D840010E9CD /* Release */ = {
			isa = XCBuildConfiguration;
			baseConfigurationReference = F4F1820E1CC196F80050C5CC /* SharedConfigurationSettings.xcconfig */;
			buildSettings = {
				CLANG_ENABLE_OBJC_ARC = YES;
				CODE_SIGN_INJECT_BASE_ENTITLEMENTS = NO;
				GCC_WARN_ABOUT_RETURN_TYPE = YES;
				GCC_WARN_UNUSED_VARIABLE = YES;
				OTHER_LDFLAGS = (
					"-undefined",
					dynamic_lookup,
				);
			};
			name = Release;
		};
/* End XCBuildConfiguration section */

/* Begin XCConfigurationList section */
		1DEB913A08733D840010E9CD /* Build configuration list for PBXNativeTarget "ICLocatorStandard" */ = {
			isa = XCConfigurationList;
			buildConfigurations = (
				1DEB913B08733D840010E9CD /* Debug */,
				1DEB913C08733D840010E9CD /* Release */,
			);
			defaultConfigurationIsVisible = 0;
			defaultConfigurationName = Release;
		};
		1DEB913E08733D840010E9CD /* Build configuration list for PBXProject "PKGLocatorConverterStandard" */ = {
			isa = XCConfigurationList;
			buildConfigurations = (
				1DEB913F08733D840010E9CD /* Debug */,
				1DEB914008733D840010E9CD /* Release */,
			);
			defaultConfigurationIsVisible = 0;
			defaultConfigurationName = Release;
		};
/* End XCConfigurationList section */
	};
	rootObject = 089C1669FE841209C02AAC07 /* Project object */;
}
