<?xml version="1.0" encoding="UTF-8"?>
<Scheme
   LastUpgradeVersion = "0640"
   version = "1.3">
   <BuildAction
      parallelizeBuildables = "YES"
      buildImplicitDependencies = "YES">
      <BuildActionEntries>
         <BuildActionEntry
            buildForTesting = "YES"
            buildForRunning = "YES"
            buildForProfiling = "YES"
            buildForArchiving = "YES"
            buildForAnalyzing = "YES">
            <BuildableReference
               BuildableIdentifier = "primary"
               BlueprintIdentifier = "8DD76F960486AA7600D96B5E"
               BuildableName = "packages_builder"
               BlueprintName = "packages_builder"
               ReferencedContainer = "container:packages_builder_64.xcodeproj">
            </BuildableReference>
         </BuildActionEntry>
      </BuildActionEntries>
   </BuildAction>
   <TestAction
      selectedDebuggerIdentifier = "Xcode.DebuggerFoundation.Debugger.LLDB"
      selectedLauncherIdentifier = "Xcode.DebuggerFoundation.Launcher.LLDB"
      shouldUseLaunchSchemeArgsEnv = "YES"
      buildConfiguration = "Debug">
      <Testables>
      </Testables>
      <MacroExpansion>
         <BuildableReference
            BuildableIdentifier = "primary"
            BlueprintIdentifier = "8DD76F960486AA7600D96B5E"
            BuildableName = "packages_builder"
            BlueprintName = "packages_builder"
            ReferencedContainer = "container:packages_builder.xcodeproj">
         </BuildableReference>
      </MacroExpansion>
   </TestAction>
   <LaunchAction
      selectedDebuggerIdentifier = "Xcode.DebuggerFoundation.Debugger.LLDB"
      selectedLauncherIdentifier = "Xcode.DebuggerFoundation.Launcher.LLDB"
      debugAsWhichUser = "root"
      launchStyle = "1"
      useCustomWorkingDirectory = "NO"
      buildConfiguration = "Debug"
      ignoresPersistentStateOnLaunch = "NO"
      debugDocumentVersioning = "YES"
      allowLocationSimulation = "YES">
      <BuildableProductRunnable
         runnableDebuggingMode = "0">
         <BuildableReference
            BuildableIdentifier = "primary"
            BlueprintIdentifier = "8DD76F960486AA7600D96B5E"
            BuildableName = "packages_builder"
            BlueprintName = "packages_builder"
            ReferencedContainer = "container:packages_builder.xcodeproj">
         </BuildableReference>
      </BuildableProductRunnable>
      <CommandLineArguments>
         <CommandLineArgument
            argument = "-f"
            isEnabled = "YES">
         </CommandLineArgument>
         <CommandLineArgument
            argument = "/Users/stephane/SimplePackageSignedWithBundleApp/SimplePackageSignedWithBundleApp.pkgproj"
            isEnabled = "YES">
         </CommandLineArgument>
         <CommandLineArgument
            argument = "/Users/stephane/BrandNewPackageProject/BrandNewPackageProject.pkgproj"
            isEnabled = "NO">
         </CommandLineArgument>
         <CommandLineArgument
            argument = "/Users/stephane/SimplePackageWithPreInstallationScript/SimplePackageWithPreInstallationScript.pkgproj"
            isEnabled = "NO">
         </CommandLineArgument>
         <CommandLineArgument
            argument = "/Users/stephane/SimplePackageWithBundleApp/SimplePackageWithBundleApp.pkgproj"
            isEnabled = "NO">
         </CommandLineArgument>
         <CommandLineArgument
            argument = "/Users/stephane/BrandNewDistribution/BrandNewDistribution.pkgproj"
            isEnabled = "NO">
         </CommandLineArgument>
         <CommandLineArgument
            argument = "/Users/stephane/BrandNewDistributionBundle/BrandNewDistributionBundle.pkgproj"
            isEnabled = "NO">
         </CommandLineArgument>
         <CommandLineArgument
            argument = "-u"
            isEnabled = "YES">
         </CommandLineArgument>
         <CommandLineArgument
            argument = "501"
            isEnabled = "YES">
         </CommandLineArgument>
         <CommandLineArgument
            argument = "-g"
            isEnabled = "YES">
         </CommandLineArgument>
         <CommandLineArgument
            argument = "80"
            isEnabled = "YES">
         </CommandLineArgument>
         <CommandLineArgument
            argument = "-F"
            isEnabled = "NO">
         </CommandLineArgument>
         <CommandLineArgument
            argument = "/Users/stephane/testExternalScriptResult"
            isEnabled = "NO">
         </CommandLineArgument>
      </CommandLineArguments>
      <AdditionalOptions>
      </AdditionalOptions>
   </LaunchAction>
   <ProfileAction
      shouldUseLaunchSchemeArgsEnv = "YES"
      savedToolIdentifier = ""
      useCustomWorkingDirectory = "NO"
      buildConfiguration = "Release"
      debugDocumentVersioning = "YES">
      <BuildableProductRunnable
         runnableDebuggingMode = "0">
         <BuildableReference
            BuildableIdentifier = "primary"
            BlueprintIdentifier = "8DD76F960486AA7600D96B5E"
            BuildableName = "packages_builder"
            BlueprintName = "packages_builder"
            ReferencedContainer = "container:packages_builder_64.xcodeproj">
         </BuildableReference>
      </BuildableProductRunnable>
   </ProfileAction>
   <AnalyzeAction
      buildConfiguration = "Debug">
   </AnalyzeAction>
   <ArchiveAction
      buildConfiguration = "Release"
      revealArchiveInOrganizer = "YES">
   </ArchiveAction>
</Scheme>
